
Microsoft Visual Studio Solution File, Format Version 12.00
# Visual Studio 15
VisualStudioVersion = 15.0.28307.705
MinimumVisualStudioVersion = 10.0.40219.1
Project("{FAE04EC0-301F-11D3-BF4B-00C04F79EFBC}") = "AutoUpdate", "AutoUpdate\AutoUpdate.csproj", "{72208718-8325-4CE2-9447-6D2305345C51}"
EndProject
Project("{FAE04EC0-301F-11D3-BF4B-00C04F79EFBC}") = "UpLoadFiles", "UpLoadFiles\UpLoadFiles.csproj", "{1821B08E-AF24-4CCD-B452-A5AD3B366355}"
EndProject
Project("{FAE04EC0-301F-11D3-BF4B-00C04F79EFBC}") = "Update", "Update\Update.csproj", "{BEDBB2F1-E7E0-4EF7-B981-55813CE62F97}"
EndProject
Project("{FAE04EC0-301F-11D3-BF4B-00C04F79EFBC}") = "UpLoadAPI", "UpLoadAPI\UpLoadAPI.csproj", "{3CCFE103-DE0B-485A-BE99-EEE855149B98}"
EndProject
Global
	GlobalSection(SolutionConfigurationPlatforms) = preSolution
		Debug|Any CPU = Debug|Any CPU
		Release|Any CPU = Release|Any CPU
	EndGlobalSection
	GlobalSection(ProjectConfigurationPlatforms) = postSolution
		{72208718-8325-4CE2-9447-6D2305345C51}.Debug|Any CPU.ActiveCfg = Debug|Any CPU
		{72208718-8325-4CE2-9447-6D2305345C51}.Debug|Any CPU.Build.0 = Debug|Any CPU
		{72208718-8325-4CE2-9447-6D2305345C51}.Release|Any CPU.ActiveCfg = Release|Any CPU
		{72208718-8325-4CE2-9447-6D2305345C51}.Release|Any CPU.Build.0 = Release|Any CPU
		{1821B08E-AF24-4CCD-B452-A5AD3B366355}.Debug|Any CPU.ActiveCfg = Debug|Any CPU
		{1821B08E-AF24-4CCD-B452-A5AD3B366355}.Debug|Any CPU.Build.0 = Debug|Any CPU
		{1821B08E-AF24-4CCD-B452-A5AD3B366355}.Release|Any CPU.ActiveCfg = Release|Any CPU
		{1821B08E-AF24-4CCD-B452-A5AD3B366355}.Release|Any CPU.Build.0 = Release|Any CPU
		{BEDBB2F1-E7E0-4EF7-B981-55813CE62F97}.Debug|Any CPU.ActiveCfg = Debug|Any CPU
		{BEDBB2F1-E7E0-4EF7-B981-55813CE62F97}.Debug|Any CPU.Build.0 = Debug|Any CPU
		{BEDBB2F1-E7E0-4EF7-B981-55813CE62F97}.Release|Any CPU.ActiveCfg = Release|Any CPU
		{BEDBB2F1-E7E0-4EF7-B981-55813CE62F97}.Release|Any CPU.Build.0 = Release|Any CPU
		{3CCFE103-DE0B-485A-BE99-EEE855149B98}.Debug|Any CPU.ActiveCfg = Debug|Any CPU
		{3CCFE103-DE0B-485A-BE99-EEE855149B98}.Debug|Any CPU.Build.0 = Debug|Any CPU
		{3CCFE103-DE0B-485A-BE99-EEE855149B98}.Release|Any CPU.ActiveCfg = Release|Any CPU
		{3CCFE103-DE0B-485A-BE99-EEE855149B98}.Release|Any CPU.Build.0 = Release|Any CPU
	EndGlobalSection
	GlobalSection(SolutionProperties) = preSolution
		HideSolutionNode = FALSE
	EndGlobalSection
	GlobalSection(ExtensibilityGlobals) = postSolution
		SolutionGuid = {F5C4ACD4-7969-4FEB-86C5-1F0F4F03A9CE}
	EndGlobalSection
EndGlobal
