
Microsoft Visual Studio Solution File, Format Version 12.00
# Visual Studio Version 16
VisualStudioVersion = 16.0.29519.181
MinimumVisualStudioVersion = 10.0.40219.1
Project("{FAE04EC0-301F-11D3-BF4B-00C04F79EFBC}") = "AutoUpdate", "AutoUpdate\AutoUpdate.csproj", "{72208718-8325-4CE2-9447-6D2305345C51}"
EndProject
Global
	GlobalSection(SolutionConfigurationPlatforms) = preSolution
		Debug|Any CPU = Debug|Any CPU
		Release|Any CPU = Release|Any CPU
	EndGlobalSection
	GlobalSection(ProjectConfigurationPlatforms) = postSolution
		{72208718-8325-4CE2-9447-6D2305345C51}.Debug|Any CPU.ActiveCfg = Debug|Any CPU
		{72208718-8325-4CE2-9447-6D2305345C51}.Debug|Any CPU.Build.0 = Debug|Any CPU
		{72208718-8325-4CE2-9447-6D2305345C51}.Release|Any CPU.ActiveCfg = Release|Any CPU
		{72208718-8325-4CE2-9447-6D2305345C51}.Release|Any CPU.Build.0 = Release|Any CPU
	EndGlobalSection
	GlobalSection(SolutionProperties) = preSolution
		HideSolutionNode = FALSE
	EndGlobalSection
	GlobalSection(ExtensibilityGlobals) = postSolution
		SolutionGuid = {F5C4ACD4-7969-4FEB-86C5-1F0F4F03A9CE}
	EndGlobalSection
EndGlobal
